
Microsoft Visual Studio Solution File, Format Version 12.00
# Visual Studio Version 16
VisualStudioVersion = 16.0.31025.194
MinimumVisualStudioVersion = 10.0.40219.1
Project("{FAE04EC0-301F-11D3-BF4B-00C04F79EFBC}") = "PracticeWebApp1", "PracticeWebApp1\PracticeWebApp1.csproj", "{ACF68235-6151-4539-800A-66DB59B4F10B}"
EndProject
Global
	GlobalSection(SolutionConfigurationPlatforms) = preSolution
		Debug|Any CPU = Debug|Any CPU
		Release|Any CPU = Release|Any CPU
	EndGlobalSection
	GlobalSection(ProjectConfigurationPlatforms) = postSolution
		{ACF68235-6151-4539-800A-66DB59B4F10B}.Debug|Any CPU.ActiveCfg = Debug|Any CPU
		{ACF68235-6151-4539-800A-66DB59B4F10B}.Debug|Any CPU.Build.0 = Debug|Any CPU
		{ACF68235-6151-4539-800A-66DB59B4F10B}.Release|Any CPU.ActiveCfg = Release|Any CPU
		{ACF68235-6151-4539-800A-66DB59B4F10B}.Release|Any CPU.Build.0 = Release|Any CPU
	EndGlobalSection
	GlobalSection(SolutionProperties) = preSolution
		HideSolutionNode = FALSE
	EndGlobalSection
	GlobalSection(ExtensibilityGlobals) = postSolution
		SolutionGuid = {1702B1E1-A245-445C-9E5F-8DDCCF795D65}
	EndGlobalSection
EndGlobal
